<Solution>
  <Folder Name="/bench/">
    <Project Path="bench/Expreszo.Benchmarks/Expreszo.Benchmarks.csproj" />
  </Folder>
  <Folder Name="/samples/">
    <Project Path="samples/AotCheck/AotCheck.csproj" />
    <Project Path="samples/ExpreszoDemo/ExpreszoDemo.csproj" />
  </Folder>
  <Folder Name="/src/">
    <Project Path="src/Expreszo/Expreszo.csproj" />
  </Folder>
  <Folder Name="/test/">
    <Project Path="test/Expreszo.Tests/Expreszo.Tests.csproj" />
  </Folder>
</Solution>
